
Microsoft Visual Studio Solution File, Format Version 12.00
# Visual Studio Version 17
VisualStudioVersion = 17.8.34322.80
MinimumVisualStudioVersion = 10.0.40219.1
Project("{FAE04EC0-301F-11D3-BF4B-00C04F79EFBC}") = "testWebservice", "testWebservice\testWebservice.csproj", "{8C035E89-4310-4F55-831F-3F6ADDCC3DC4}"
EndProject
Global
	GlobalSection(SolutionConfigurationPlatforms) = preSolution
		Debug|Any CPU = Debug|Any CPU
		Release|Any CPU = Release|Any CPU
	EndGlobalSection
	GlobalSection(ProjectConfigurationPlatforms) = postSolution
		{8C035E89-4310-4F55-831F-3F6ADDCC3DC4}.Debug|Any CPU.ActiveCfg = Debug|Any CPU
		{8C035E89-4310-4F55-831F-3F6ADDCC3DC4}.Debug|Any CPU.Build.0 = Debug|Any CPU
		{8C035E89-4310-4F55-831F-3F6ADDCC3DC4}.Release|Any CPU.ActiveCfg = Release|Any CPU
		{8C035E89-4310-4F55-831F-3F6ADDCC3DC4}.Release|Any CPU.Build.0 = Release|Any CPU
	EndGlobalSection
	GlobalSection(SolutionProperties) = preSolution
		HideSolutionNode = FALSE
	EndGlobalSection
	GlobalSection(ExtensibilityGlobals) = postSolution
		SolutionGuid = {6EB743ED-7DCE-4317-B237-25BBD4040710}
	EndGlobalSection
EndGlobal
